{
  "name": "skill-sample-nodejs-buttons-game-templates",
  "version": "1.0.0",
  "lockfileVersion": 1,
  "requires": true,
  "dependencies": {
    "ask-sdk": {
      "version": "2.3.0",
      "resolved": "https://registry.npmjs.org/ask-sdk/-/ask-sdk-2.3.0.tgz",
      "integrity": "sha512-yJqGeYSRscp4II9v5j/FK5D5t/ywXwvnBKDepstZZ0tlzByYHBxMH55LpL/F5mcfnYmnqzrIS4nrGiX87Xnpfw==",
      "requires": {
        "ask-sdk-core": "2.3.0",
        "ask-sdk-dynamodb-persistence-adapter": "2.3.0",
        "ask-sdk-model": "1.9.0"
      }
    },
    "ask-sdk-core": {
      "version": "2.3.0",
      "resolved": "https://registry.npmjs.org/ask-sdk-core/-/ask-sdk-core-2.3.0.tgz",
      "integrity": "sha512-aSc/xaY0lHZu8pmkYPR1ms72WPH73aggo7uL/k0dut6AhP3CmdU3Y9ui7IOAvRJnha0cToQ8TYU0jLEOH6MMNw==",
      "requires": {
        "ask-sdk-runtime": "2.2.0"
      }
    },
    "ask-sdk-dynamodb-persistence-adapter": {
      "version": "2.3.0",
      "resolved": "https://registry.npmjs.org/ask-sdk-dynamodb-persistence-adapter/-/ask-sdk-dynamodb-persistence-adapter-2.3.0.tgz",
      "integrity": "sha512-NeXeXH2YsgsthaijQPej/Peago7oNPxXChPtC6whdPFMvBKQNGWJWI8hPN8o8DWQg4kXSDDPJsjLaUSpBjFFmg==",
      "requires": {
        "aws-sdk": "2.276.1"
      }
    },
    "ask-sdk-model": {
      "version": "1.9.0",
      "resolved": "https://registry.npmjs.org/ask-sdk-model/-/ask-sdk-model-1.9.0.tgz",
      "integrity": "sha512-2oJgVTTtUacpngbKiLlq4hCV1d8rmsl0zN+AEbffUkNWngtaxQEdKJiEABHQhuk5PwVWCx7ZvNMc7/xyx11vJg=="
    },
    "ask-sdk-runtime": {
      "version": "2.2.0",
      "resolved": "https://registry.npmjs.org/ask-sdk-runtime/-/ask-sdk-runtime-2.2.0.tgz",
      "integrity": "sha512-pYqTizpk+13l7sU/bdyIZKRptyR7fP05T8OdY0/tpD8WQaCyIvPigIEHjYcXN0Yz23FkKECbIRvfXN9OQ7Ka5w=="
    },
    "aws-sdk": {
      "version": "2.276.1",
      "resolved": "https://registry.npmjs.org/aws-sdk/-/aws-sdk-2.276.1.tgz",
      "integrity": "sha1-T1zVL00aE6QSyKjXWydsVWrROUc=",
      "requires": {
        "buffer": "4.9.1",
        "events": "1.1.1",
        "ieee754": "1.1.8",
        "jmespath": "0.15.0",
        "querystring": "0.2.0",
        "sax": "1.2.1",
        "url": "0.10.3",
        "uuid": "3.1.0",
        "xml2js": "0.4.19"
      }
    },
    "base64-js": {
      "version": "1.3.0",
      "resolved": "https://registry.npmjs.org/base64-js/-/base64-js-1.3.0.tgz",
      "integrity": "sha1-yrHmEY8FEJXli1KBrqjBzSK/wOM="
    },
    "buffer": {
      "version": "4.9.1",
      "resolved": "https://registry.npmjs.org/buffer/-/buffer-4.9.1.tgz",
      "integrity": "sha1-bRu2AbB6TvztlwlBMgkwJ8lbwpg=",
      "requires": {
        "base64-js": "1.3.0",
        "ieee754": "1.1.8",
        "isarray": "1.0.0"
      }
    },
    "events": {
      "version": "1.1.1",
      "resolved": "https://registry.npmjs.org/events/-/events-1.1.1.tgz",
      "integrity": "sha1-nr23Y1rQmccNzEwqH1AEKI6L2SQ="
    },
    "i18next": {
      "version": "12.1.0",
      "resolved": "https://registry.npmjs.org/i18next/-/i18next-12.1.0.tgz",
      "integrity": "sha512-AexmwGkKxwKfo5fGeXTWEY4xqzRPigQ1S/0InOUUVziGO54cd4fKyYK8ED1Thx9fd+WA3fRSZ+1iekvFQMbsFw=="
    },
    "ieee754": {
      "version": "1.1.8",
      "resolved": "https://registry.npmjs.org/ieee754/-/ieee754-1.1.8.tgz",
      "integrity": "sha1-vjPUCsEO8ZJnAfbwii2G+/0a0+Q="
    },
    "isarray": {
      "version": "1.0.0",
      "resolved": "https://registry.npmjs.org/isarray/-/isarray-1.0.0.tgz",
      "integrity": "sha1-u5NdSFgsuhaMBoNJV6VKPgcSTxE="
    },
    "jmespath": {
      "version": "0.15.0",
      "resolved": "https://registry.npmjs.org/jmespath/-/jmespath-0.15.0.tgz",
      "integrity": "sha1-o/Iiqarp+Wb10nx5ZRDigJF2Qhc="
    },
    "punycode": {
      "version": "1.3.2",
      "resolved": "https://registry.npmjs.org/punycode/-/punycode-1.3.2.tgz",
      "integrity": "sha1-llOgNvt8HuQjQvIyXM7v6jkmxI0="
    },
    "querystring": {
      "version": "0.2.0",
      "resolved": "https://registry.npmjs.org/querystring/-/querystring-0.2.0.tgz",
      "integrity": "sha1-sgmEkgO7Jd+CDadW50cAWHhSFiA="
    },
    "sax": {
      "version": "1.2.1",
      "resolved": "https://registry.npmjs.org/sax/-/sax-1.2.1.tgz",
      "integrity": "sha1-e45lYZCyKOgaZq6nSEgNgozS03o="
    },
    "string-similarity": {
      "version": "2.0.0",
      "resolved": "https://registry.npmjs.org/string-similarity/-/string-similarity-2.0.0.tgz",
      "integrity": "sha512-62FBZrVXV5cI23bQ9L49Y4d9u9yaH61JhAwLyUFUzQbHDjdihxdfCwIherg+vylR/s4ucCddK8iKSEO7kinffQ=="
    },
    "url": {
      "version": "0.10.3",
      "resolved": "https://registry.npmjs.org/url/-/url-0.10.3.tgz",
      "integrity": "sha1-Ah5NnHcF8hu/N9A861h2dAJ3TGQ=",
      "requires": {
        "punycode": "1.3.2",
        "querystring": "0.2.0"
      }
    },
    "uuid": {
      "version": "3.1.0",
      "resolved": "https://registry.npmjs.org/uuid/-/uuid-3.1.0.tgz",
      "integrity": "sha1-PdPT55Crwk17DToDT/q6vijrvAQ="
    },
    "xml2js": {
      "version": "0.4.19",
      "resolved": "https://registry.npmjs.org/xml2js/-/xml2js-0.4.19.tgz",
      "integrity": "sha1-aGwg8hMgnpSr8NG88e+qKRx4J6c=",
      "requires": {
        "sax": "1.2.1",
        "xmlbuilder": "9.0.7"
      }
    },
    "xmlbuilder": {
      "version": "9.0.7",
      "resolved": "https://registry.npmjs.org/xmlbuilder/-/xmlbuilder-9.0.7.tgz",
      "integrity": "sha1-Ey7mPS7FVlxVfiD0wi35rKaGsQ0="
    }
  }
}
